{
  "name": "bodyworkplans",
  "version": "1.0.0",
  "lockfileVersion": 1,
  "requires": true,
  "dependencies": {
    "@riotjs/compiler": {
      "version": "4.5.5",
      "resolved": "https://registry.npmjs.org/@riotjs/compiler/-/compiler-4.5.5.tgz",
      "integrity": "sha512-qLbeulfUtg/e+hOKFhDURuMXFO09sDDtQzHSjgV9a3R1b9V2YmDP6oVAS53O2nCLAOG1BwU+McCo+rHtlT9KYg==",
      "requires": {
        "@riotjs/parser": "^4.1.0",
        "@riotjs/util": "1.1.0",
        "acorn": "^7.1.0",
        "cssesc": "^3.0.0",
        "cumpa": "^1.0.1",
        "curri": "^1.0.1",
        "dom-nodes": "^1.1.3",
        "globals": "^12.3.0",
        "recast": "^0.18.5",
        "source-map": "^0.7.3"
      }
    },
    "@riotjs/dom-bindings": {
      "version": "4.4.7",
      "resolved": "https://registry.npmjs.org/@riotjs/dom-bindings/-/dom-bindings-4.4.7.tgz",
      "integrity": "sha512-axn+1XmZS3LfvHA9vhP7vFab1uMIkCWv5dA1/OGWAoBZ/FKcTs3BxQiVgPLvf48xU3OovpHdH9PTekWCnxvZ7Q==",
      "requires": {
        "@riotjs/util": "^1.1.0",
        "domdiff": "^2.1.0"
      }
    },
    "@riotjs/parser": {
      "version": "4.1.0",
      "resolved": "https://registry.npmjs.org/@riotjs/parser/-/parser-4.1.0.tgz",
      "integrity": "sha512-EdH0oM7oj9iRFD1mNJVplFtkpRyQT3Upxn2sCYMh9wjFTOzm7cPnywk0FEvFy6yKVaiHY+GZ76uFo6qqplRNlg==",
      "requires": {
        "curri": "^1.0.1",
        "dom-nodes": "^1.1.3"
      }
    },
    "@riotjs/util": {
      "version": "1.1.0",
      "resolved": "https://registry.npmjs.org/@riotjs/util/-/util-1.1.0.tgz",
      "integrity": "sha512-VU3vYZH8a2pTOCEK7Ia9twQw0Oog/CWsonLZLD/w/YzVO9HYLSfYWx9lp7AHAuqSgpGNhaXd/u11qC3zWHiyrQ=="
    },
    "@types/estree": {
      "version": "0.0.42",
      "resolved": "https://registry.npmjs.org/@types/estree/-/estree-0.0.42.tgz",
      "integrity": "sha512-K1DPVvnBCPxzD+G51/cxVIoc2X8uUVl1zpJeE6iKcgHMj4+tbat5Xu4TjV7v2QSDbIeAfLi2hIk+u2+s0MlpUQ==",
      "dev": true
    },
    "@types/node": {
      "version": "13.7.1",
      "resolved": "https://registry.npmjs.org/@types/node/-/node-13.7.1.tgz",
      "integrity": "sha512-Zq8gcQGmn4txQEJeiXo/KiLpon8TzAl0kmKH4zdWctPj05nWwp1ClMdAVEloqrQKfaC48PNLdgN/aVaLqUrluA==",
      "dev": true
    },
    "@ungap/essential-map": {
      "version": "0.2.0",
      "resolved": "https://registry.npmjs.org/@ungap/essential-map/-/essential-map-0.2.0.tgz",
      "integrity": "sha512-PM7rUPhH2IAeDZXGjMi1KwNVW/4b/wxfzlPkZSXacHA5A98n+PdCou+HD2EaeXlO8pY5Tp81Ysg+J2xB7J/mjw=="
    },
    "acorn": {
      "version": "7.1.0",
      "resolved": "https://registry.npmjs.org/acorn/-/acorn-7.1.0.tgz",
      "integrity": "sha512-kL5CuoXA/dgxlBbVrflsflzQ3PAas7RYZB52NOm/6839iVYJgKMJ3cQJD+t2i5+qFa8h3MDpEOJiS64E8JLnSQ=="
    },
    "ast-types": {
      "version": "0.13.2",
      "resolved": "https://registry.npmjs.org/ast-types/-/ast-types-0.13.2.tgz",
      "integrity": "sha512-uWMHxJxtfj/1oZClOxDEV1sQ1HCDkA4MG8Gr69KKeBjEVH0R84WlejZ0y2DcwyBlpAEMltmVYkVgqfLFb2oyiA=="
    },
    "bianco.attr": {
      "version": "1.0.0",
      "resolved": "https://registry.npmjs.org/bianco.attr/-/bianco.attr-1.0.0.tgz",
      "integrity": "sha512-ry700auBXrfRcn18wgOlDeCIAOy1HKnUrM96hc2xbzt4FQL+pfXTUGrt++gg9/rpp7JD4JUXi0X1OB7um+jm2w==",
      "requires": {
        "bianco.dom-to-array": "^0.0.10"
      }
    },
    "bianco.dom-to-array": {
      "version": "0.0.10",
      "resolved": "https://registry.npmjs.org/bianco.dom-to-array/-/bianco.dom-to-array-0.0.10.tgz",
      "integrity": "sha512-EFYkcEGPmIqatvh+6I2eF6/X4mDtEyGoBucqmudJ5qABbFOw3RPIWB913aLD1FTaux8pZtYzD/yvcwGJKSNgXg=="
    },
    "bianco.query": {
      "version": "1.0.0",
      "resolved": "https://registry.npmjs.org/bianco.query/-/bianco.query-1.0.0.tgz",
      "integrity": "sha512-pDstv5+tsuw//wNuPnXuf4DjyN116tcH/a7hxbqH1OpWMsBgBkp/O29uxlWEZWN5e6hCaGajLNA9CAGTsgYeWw==",
      "requires": {
        "bianco.dom-to-array": "^0.0.10"
      }
    },
    "cssesc": {
      "version": "3.0.0",
      "resolved": "https://registry.npmjs.org/cssesc/-/cssesc-3.0.0.tgz",
      "integrity": "sha512-/Tb/JcjK111nNScGob5MNtsntNM1aCNUDipB/TkwZFhyDrrE47SOx/18wF2bbjgc3ZzCSKW1T5nt5EbFoAz/Vg=="
    },
    "cumpa": {
      "version": "1.0.1",
      "resolved": "https://registry.npmjs.org/cumpa/-/cumpa-1.0.1.tgz",
      "integrity": "sha512-Ew3sfG4cqvDFINS1VgdvLX1FIruhySlnP6DRLhB+1EjewiOzhJzKRKPEp/TCuo0RDisSFeuaDrk0S4Q8grF9CA=="
    },
    "curri": {
      "version": "1.0.1",
      "resolved": "https://registry.npmjs.org/curri/-/curri-1.0.1.tgz",
      "integrity": "sha512-VwFb2MGqN0A1RPA0vSgDRSWc0c+V6N9yz8pVYJ9AXILAukRAyCZP5Sqp4VdOxgw1lT0t5oaplwIDT/ruF3Nz7Q=="
    },
    "dom-nodes": {
      "version": "1.1.3",
      "resolved": "https://registry.npmjs.org/dom-nodes/-/dom-nodes-1.1.3.tgz",
      "integrity": "sha512-y5wnIx97oe0IqMllL/lizgkK2c9vu1cQeqPCCsS7mwNdPuYxg3b04eDJynHhC63kM8+ZsteOmiPElfVGOUmmKg=="
    },
    "domdiff": {
      "version": "2.1.0",
      "resolved": "https://registry.npmjs.org/domdiff/-/domdiff-2.1.0.tgz",
      "integrity": "sha512-nAhQRNfdaPonINrzrjj1BR1Fcmy5KbDGnnA6a8moHSqeE12jIqTkjYqGeM5pdHL9vYSzwXAJuqhbTgrpQ2OCuQ==",
      "requires": {
        "@ungap/essential-map": "^0.2.0"
      }
    },
    "esprima": {
      "version": "4.0.1",
      "resolved": "https://registry.npmjs.org/esprima/-/esprima-4.0.1.tgz",
      "integrity": "sha512-eGuFFw7Upda+g4p+QHvnW0RyTX/SVeJBDM/gCtMARO0cLuT2HcEKnTPvhjV6aGeqrCB/sbNop0Kszm0jsaWU4A=="
    },
    "estree-walker": {
      "version": "0.6.1",
      "resolved": "https://registry.npmjs.org/estree-walker/-/estree-walker-0.6.1.tgz",
      "integrity": "sha512-SqmZANLWS0mnatqbSfRP5g8OXZC12Fgg1IwNtLsyHDzJizORW4khDfjPqJZsemPWBB2uqykUah5YpQ6epsqC/w==",
      "dev": true
    },
    "globals": {
      "version": "12.3.0",
      "resolved": "https://registry.npmjs.org/globals/-/globals-12.3.0.tgz",
      "integrity": "sha512-wAfjdLgFsPZsklLJvOBUBmzYE8/CwhEqSBEMRXA3qxIiNtyqvjYurAtIfDh6chlEPUfmTY3MnZh5Hfh4q0UlIw==",
      "requires": {
        "type-fest": "^0.8.1"
      }
    },
    "private": {
      "version": "0.1.8",
      "resolved": "https://registry.npmjs.org/private/-/private-0.1.8.tgz",
      "integrity": "sha512-VvivMrbvd2nKkiG38qjULzlc+4Vx4wm/whI9pQD35YrARNnhxeiRktSOhSukRLFNlzg6Br/cJPet5J/u19r/mg=="
    },
    "recast": {
      "version": "0.18.5",
      "resolved": "https://registry.npmjs.org/recast/-/recast-0.18.5.tgz",
      "integrity": "sha512-sD1WJrpLQAkXGyQZyGzTM75WJvyAd98II5CHdK3IYbt/cZlU0UzCRVU11nUFNXX9fBVEt4E9ajkMjBlUlG+Oog==",
      "requires": {
        "ast-types": "0.13.2",
        "esprima": "~4.0.0",
        "private": "^0.1.8",
        "source-map": "~0.6.1"
      },
      "dependencies": {
        "source-map": {
          "version": "0.6.1",
          "resolved": "https://registry.npmjs.org/source-map/-/source-map-0.6.1.tgz",
          "integrity": "sha512-UjgapumWlbMhkBgzT7Ykc5YXUT46F0iKu8SGXq0bcwP5dz/h0Plj6enJqjz1Zbq2l5WaqYnrVbwWOWMyF3F47g=="
        }
      }
    },
    "riot": {
      "version": "4.6.6",
      "resolved": "https://registry.npmjs.org/riot/-/riot-4.6.6.tgz",
      "integrity": "sha512-kgXv0yv4EIREpM8NBhtiVOSjbU+vRrV8gYB8ykpJJc9l0bvDARWWteDnwvplhRGEvE1X9465EGuZ7vVNKGNx9w==",
      "requires": {
        "@riotjs/compiler": "^4.5.2",
        "@riotjs/dom-bindings": "^4.4.7",
        "@riotjs/util": "^1.1.0",
        "bianco.attr": "^1.0.0",
        "bianco.query": "^1.0.0",
        "cumpa": "^1.0.1",
        "curri": "^1.0.1"
      }
    },
    "rollup": {
      "version": "1.31.0",
      "resolved": "https://registry.npmjs.org/rollup/-/rollup-1.31.0.tgz",
      "integrity": "sha512-9C6ovSyNeEwvuRuUUmsTpJcXac1AwSL1a3x+O5lpmQKZqi5mmrjauLeqIjvREC+yNRR8fPdzByojDng+af3nVw==",
      "dev": true,
      "requires": {
        "@types/estree": "*",
        "@types/node": "*",
        "acorn": "^7.1.0"
      }
    },
    "rollup-plugin-riot": {
      "version": "4.0.0",
      "resolved": "https://registry.npmjs.org/rollup-plugin-riot/-/rollup-plugin-riot-4.0.0.tgz",
      "integrity": "sha512-+2JW/GU6J825RNLCBFiRZzsSXeQE9pUkiWqvg9eDr2eA9OWqxCexAulM93sSqYySuELx9APO1WgPErlxr5N6Lg==",
      "dev": true,
      "requires": {
        "rollup-pluginutils": "^2.6.0"
      }
    },
    "rollup-pluginutils": {
      "version": "2.8.2",
      "resolved": "https://registry.npmjs.org/rollup-pluginutils/-/rollup-pluginutils-2.8.2.tgz",
      "integrity": "sha512-EEp9NhnUkwY8aif6bxgovPHMoMoNr2FulJziTndpt5H9RdwC47GSGuII9XxpSdzVGM0GWrNPHV6ie1LTNJPaLQ==",
      "dev": true,
      "requires": {
        "estree-walker": "^0.6.1"
      }
    },
    "source-map": {
      "version": "0.7.3",
      "resolved": "https://registry.npmjs.org/source-map/-/source-map-0.7.3.tgz",
      "integrity": "sha512-CkCj6giN3S+n9qrYiBTX5gystlENnRW5jZeNLHpe6aue+SrHcG5VYwujhW9s4dY31mEGsxBDrHR6oI69fTXsaQ=="
    },
    "type-fest": {
      "version": "0.8.1",
      "resolved": "https://registry.npmjs.org/type-fest/-/type-fest-0.8.1.tgz",
      "integrity": "sha512-4dbzIzqvjtgiM5rw1k5rEHtBANKmdudhGyBEajN01fEyhaAIhsoKNy6y7+IN93IfpFtwY9iqi7kD+xwKhQsNJA=="
    }
  }
}
